// !$*UTF8*$!
{
	archiveVersion = 1;
	classes = {
	};
	objectVersion = 55;
	objects = {

/* Begin PBXBuildFile section */
		E858BE0C284B6CFB000FD379 /* Ubuntu-Bold.ttf in Resources */ = {isa = PBXBuildFile; fileRef = E858BE04284B6CDB000FD379 /* Ubuntu-Bold.ttf */; };
		E858BE0E284B8533000FD379 /* MainViewController.swift in Sources */ = {isa = PBXBuildFile; fileRef = E858BE0D284B8533000FD379 /* MainViewController.swift */; };
		E858BE11284BB4AE000FD379 /* PeopleViewCell.swift in Sources */ = {isa = PBXBuildFile; fileRef = E858BE10284BB4AE000FD379 /* PeopleViewCell.swift */; };
		E858BE42284CF984000FD379 /* User.swift in Sources */ = {isa = PBXBuildFile; fileRef = E858BE41284CF984000FD379 /* User.swift */; };
		E858BE44284CF9DA000FD379 /* DataStorage.swift in Sources */ = {isa = PBXBuildFile; fileRef = E858BE43284CF9DA000FD379 /* DataStorage.swift */; };
		E859AFD028550ED600493A0D /* MainCompositionLayout.swift in Sources */ = {isa = PBXBuildFile; fileRef = E859AFCF28550ED600493A0D /* MainCompositionLayout.swift */; };
		E859AFD62855106200493A0D /* SectionOneCell.swift in Sources */ = {isa = PBXBuildFile; fileRef = E859AFD42855106200493A0D /* SectionOneCell.swift */; };
		E859AFD72855106200493A0D /* SectionOneCell.xib in Resources */ = {isa = PBXBuildFile; fileRef = E859AFD52855106200493A0D /* SectionOneCell.xib */; };
		E859AFDB285510E900493A0D /* ButtonViewCell.swift in Sources */ = {isa = PBXBuildFile; fileRef = E859AFD9285510E900493A0D /* ButtonViewCell.swift */; };
		E859AFDC285510E900493A0D /* ButtonViewCell.xib in Resources */ = {isa = PBXBuildFile; fileRef = E859AFDA285510E900493A0D /* ButtonViewCell.xib */; };
		E859AFDE2855111E00493A0D /* SectionTwoCell.swift in Sources */ = {isa = PBXBuildFile; fileRef = E859AFDD2855111D00493A0D /* SectionTwoCell.swift */; };
		E859AFE02855113700493A0D /* SectionTwoCell.xib in Resources */ = {isa = PBXBuildFile; fileRef = E859AFDF2855113700493A0D /* SectionTwoCell.xib */; };
		E859AFE32855116A00493A0D /* SectionThreeCell.swift in Sources */ = {isa = PBXBuildFile; fileRef = E859AFE12855116A00493A0D /* SectionThreeCell.swift */; };
		E859AFE42855116A00493A0D /* SectionThreeCell.xib in Resources */ = {isa = PBXBuildFile; fileRef = E859AFE22855116A00493A0D /* SectionThreeCell.xib */; };
		E859AFE6285511B300493A0D /* Service.swift in Sources */ = {isa = PBXBuildFile; fileRef = E859AFE5285511B300493A0D /* Service.swift */; };
		E859AFE8285512A100493A0D /* MainViewModel.swift in Sources */ = {isa = PBXBuildFile; fileRef = E859AFE7285512A100493A0D /* MainViewModel.swift */; };
		E8682D41284B603B00E706BC /* AppDelegate.swift in Sources */ = {isa = PBXBuildFile; fileRef = E8682D40284B603B00E706BC /* AppDelegate.swift */; };
		E8682D43284B603B00E706BC /* SceneDelegate.swift in Sources */ = {isa = PBXBuildFile; fileRef = E8682D42284B603B00E706BC /* SceneDelegate.swift */; };
		E8682D45284B603B00E706BC /* AuthViewController.swift in Sources */ = {isa = PBXBuildFile; fileRef = E8682D44284B603B00E706BC /* AuthViewController.swift */; };
		E8682D48284B603B00E706BC /* Main.storyboard in Resources */ = {isa = PBXBuildFile; fileRef = E8682D46284B603B00E706BC /* Main.storyboard */; };
		E8682D4A284B603C00E706BC /* Assets.xcassets in Resources */ = {isa = PBXBuildFile; fileRef = E8682D49284B603C00E706BC /* Assets.xcassets */; };
		E8682D4D284B603C00E706BC /* LaunchScreen.storyboard in Resources */ = {isa = PBXBuildFile; fileRef = E8682D4B284B603C00E706BC /* LaunchScreen.storyboard */; };
/* End PBXBuildFile section */

/* Begin PBXFileReference section */
		E858BE04284B6CDB000FD379 /* Ubuntu-Bold.ttf */ = {isa = PBXFileReference; lastKnownFileType = file; path = "Ubuntu-Bold.ttf"; sourceTree = "<group>"; };
		E858BE05284B6CDB000FD379 /* Ubuntu-Italic.ttf */ = {isa = PBXFileReference; lastKnownFileType = file; path = "Ubuntu-Italic.ttf"; sourceTree = "<group>"; };
		E858BE06284B6CDB000FD379 /* Ubuntu-Medium.ttf */ = {isa = PBXFileReference; lastKnownFileType = file; path = "Ubuntu-Medium.ttf"; sourceTree = "<group>"; };
		E858BE07284B6CDB000FD379 /* Ubuntu-MediumItalic.ttf */ = {isa = PBXFileReference; lastKnownFileType = file; path = "Ubuntu-MediumItalic.ttf"; sourceTree = "<group>"; };
		E858BE08284B6CDB000FD379 /* Ubuntu-BoldItalic.ttf */ = {isa = PBXFileReference; lastKnownFileType = file; path = "Ubuntu-BoldItalic.ttf"; sourceTree = "<group>"; };
		E858BE09284B6CDB000FD379 /* Ubuntu-Regular.ttf */ = {isa = PBXFileReference; lastKnownFileType = file; path = "Ubuntu-Regular.ttf"; sourceTree = "<group>"; };
		E858BE0A284B6CDB000FD379 /* Ubuntu-LightItalic.ttf */ = {isa = PBXFileReference; lastKnownFileType = file; path = "Ubuntu-LightItalic.ttf"; sourceTree = "<group>"; };
		E858BE0B284B6CDB000FD379 /* Ubuntu-Light.ttf */ = {isa = PBXFileReference; lastKnownFileType = file; path = "Ubuntu-Light.ttf"; sourceTree = "<group>"; };
		E858BE0D284B8533000FD379 /* MainViewController.swift */ = {isa = PBXFileReference; lastKnownFileType = sourcecode.swift; path = MainViewController.swift; sourceTree = "<group>"; };
		E858BE10284BB4AE000FD379 /* PeopleViewCell.swift */ = {isa = PBXFileReference; lastKnownFileType = sourcecode.swift; path = PeopleViewCell.swift; sourceTree = "<group>"; };
		E858BE41284CF984000FD379 /* User.swift */ = {isa = PBXFileReference; lastKnownFileType = sourcecode.swift; path = User.swift; sourceTree = "<group>"; };
		E858BE43284CF9DA000FD379 /* DataStorage.swift */ = {isa = PBXFileReference; lastKnownFileType = sourcecode.swift; path = DataStorage.swift; sourceTree = "<group>"; };
		E859AFCF28550ED600493A0D /* MainCompositionLayout.swift */ = {isa = PBXFileReference; lastKnownFileType = sourcecode.swift; path = MainCompositionLayout.swift; sourceTree = "<group>"; };
		E859AFD42855106200493A0D /* SectionOneCell.swift */ = {isa = PBXFileReference; lastKnownFileType = sourcecode.swift; path = SectionOneCell.swift; sourceTree = "<group>"; };
		E859AFD52855106200493A0D /* SectionOneCell.xib */ = {isa = PBXFileReference; lastKnownFileType = file.xib; path = SectionOneCell.xib; sourceTree = "<group>"; };
		E859AFD9285510E900493A0D /* ButtonViewCell.swift */ = {isa = PBXFileReference; lastKnownFileType = sourcecode.swift; path = ButtonViewCell.swift; sourceTree = "<group>"; };
		E859AFDA285510E900493A0D /* ButtonViewCell.xib */ = {isa = PBXFileReference; lastKnownFileType = file.xib; path = ButtonViewCell.xib; sourceTree = "<group>"; };
		E859AFDD2855111D00493A0D /* SectionTwoCell.swift */ = {isa = PBXFileReference; lastKnownFileType = sourcecode.swift; path = SectionTwoCell.swift; sourceTree = "<group>"; };
		E859AFDF2855113700493A0D /* SectionTwoCell.xib */ = {isa = PBXFileReference; lastKnownFileType = file.xib; path = SectionTwoCell.xib; sourceTree = "<group>"; };
		E859AFE12855116A00493A0D /* SectionThreeCell.swift */ = {isa = PBXFileReference; lastKnownFileType = sourcecode.swift; path = SectionThreeCell.swift; sourceTree = "<group>"; };
		E859AFE22855116A00493A0D /* SectionThreeCell.xib */ = {isa = PBXFileReference; lastKnownFileType = file.xib; path = SectionThreeCell.xib; sourceTree = "<group>"; };
		E859AFE5285511B300493A0D /* Service.swift */ = {isa = PBXFileReference; lastKnownFileType = sourcecode.swift; path = Service.swift; sourceTree = "<group>"; };
		E859AFE7285512A100493A0D /* MainViewModel.swift */ = {isa = PBXFileReference; lastKnownFileType = sourcecode.swift; path = MainViewModel.swift; sourceTree = "<group>"; };
		E8682D3D284B603B00E706BC /* eWallet2022.app */ = {isa = PBXFileReference; explicitFileType = wrapper.application; includeInIndex = 0; path = eWallet2022.app; sourceTree = BUILT_PRODUCTS_DIR; };
		E8682D40284B603B00E706BC /* AppDelegate.swift */ = {isa = PBXFileReference; lastKnownFileType = sourcecode.swift; path = AppDelegate.swift; sourceTree = "<group>"; };
		E8682D42284B603B00E706BC /* SceneDelegate.swift */ = {isa = PBXFileReference; lastKnownFileType = sourcecode.swift; path = SceneDelegate.swift; sourceTree = "<group>"; };
		E8682D44284B603B00E706BC /* AuthViewController.swift */ = {isa = PBXFileReference; lastKnownFileType = sourcecode.swift; path = AuthViewController.swift; sourceTree = "<group>"; };
		E8682D47284B603B00E706BC /* Base */ = {isa = PBXFileReference; lastKnownFileType = file.storyboard; name = Base; path = Base.lproj/Main.storyboard; sourceTree = "<group>"; };
		E8682D49284B603C00E706BC /* Assets.xcassets */ = {isa = PBXFileReference; lastKnownFileType = folder.assetcatalog; path = Assets.xcassets; sourceTree = "<group>"; };
		E8682D4C284B603C00E706BC /* Base */ = {isa = PBXFileReference; lastKnownFileType = file.storyboard; name = Base; path = Base.lproj/LaunchScreen.storyboard; sourceTree = "<group>"; };
		E8682D4E284B603C00E706BC /* Info.plist */ = {isa = PBXFileReference; lastKnownFileType = text.plist.xml; path = Info.plist; sourceTree = "<group>"; };
/* End PBXFileReference section */

/* Begin PBXFrameworksBuildPhase section */
		E8682D3A284B603B00E706BC /* Frameworks */ = {
			isa = PBXFrameworksBuildPhase;
			buildActionMask = 2147483647;
			files = (
			);
			runOnlyForDeploymentPostprocessing = 0;
		};
/* End PBXFrameworksBuildPhase section */

/* Begin PBXGroup section */
		E858BE0F284BB493000FD379 /* ViewCells */ = {
			isa = PBXGroup;
			children = (
				E859AFD32855104200493A0D /* SectionThree */,
				E859AFD22855103A00493A0D /* SectionTwo */,
				E859AFD12855102E00493A0D /* SectionOne */,
				E858BE10284BB4AE000FD379 /* PeopleViewCell.swift */,
			);
			path = ViewCells;
			sourceTree = "<group>";
		};
		E858BE40284CF971000FD379 /* Models */ = {
			isa = PBXGroup;
			children = (
				E858BE41284CF984000FD379 /* User.swift */,
				E859AFE5285511B300493A0D /* Service.swift */,
			);
			path = Models;
			sourceTree = "<group>";
		};
		E858BE45284CFA06000FD379 /* Services */ = {
			isa = PBXGroup;
			children = (
				E858BE43284CF9DA000FD379 /* DataStorage.swift */,
			);
			path = Services;
			sourceTree = "<group>";
		};
		E859AFCD28550E8E00493A0D /* MainViewController */ = {
			isa = PBXGroup;
			children = (
				E858BE0D284B8533000FD379 /* MainViewController.swift */,
				E859AFCF28550ED600493A0D /* MainCompositionLayout.swift */,
				E859AFE7285512A100493A0D /* MainViewModel.swift */,
			);
			path = MainViewController;
			sourceTree = "<group>";
		};
		E859AFCE28550EA000493A0D /* AuthViewController */ = {
			isa = PBXGroup;
			children = (
				E8682D44284B603B00E706BC /* AuthViewController.swift */,
			);
			path = AuthViewController;
			sourceTree = "<group>";
		};
		E859AFD12855102E00493A0D /* SectionOne */ = {
			isa = PBXGroup;
			children = (
				E859AFD42855106200493A0D /* SectionOneCell.swift */,
				E859AFD52855106200493A0D /* SectionOneCell.xib */,
			);
			path = SectionOne;
			sourceTree = "<group>";
		};
		E859AFD22855103A00493A0D /* SectionTwo */ = {
			isa = PBXGroup;
			children = (
				E859AFD8285510C100493A0D /* ButtonView */,
				E859AFDD2855111D00493A0D /* SectionTwoCell.swift */,
				E859AFDF2855113700493A0D /* SectionTwoCell.xib */,
			);
			path = SectionTwo;
			sourceTree = "<group>";
		};
		E859AFD32855104200493A0D /* SectionThree */ = {
			isa = PBXGroup;
			children = (
				E859AFE12855116A00493A0D /* SectionThreeCell.swift */,
				E859AFE22855116A00493A0D /* SectionThreeCell.xib */,
			);
			path = SectionThree;
			sourceTree = "<group>";
		};
		E859AFD8285510C100493A0D /* ButtonView */ = {
			isa = PBXGroup;
			children = (
				E859AFD9285510E900493A0D /* ButtonViewCell.swift */,
				E859AFDA285510E900493A0D /* ButtonViewCell.xib */,
			);
			path = ButtonView;
			sourceTree = "<group>";
		};
		E8682D34284B603B00E706BC = {
			isa = PBXGroup;
			children = (
				E8682D3F284B603B00E706BC /* eWallet2022 */,
				E8682D3E284B603B00E706BC /* Products */,
			);
			sourceTree = "<group>";
		};
		E8682D3E284B603B00E706BC /* Products */ = {
			isa = PBXGroup;
			children = (
				E8682D3D284B603B00E706BC /* eWallet2022.app */,
			);
			name = Products;
			sourceTree = "<group>";
		};
		E8682D3F284B603B00E706BC /* eWallet2022 */ = {
			isa = PBXGroup;
			children = (
				E858BE45284CFA06000FD379 /* Services */,
				E858BE40284CF971000FD379 /* Models */,
				E858BE0F284BB493000FD379 /* ViewCells */,
				E8682D54284B610200E706BC /* ViewControllers */,
				E8682D56284B612300E706BC /* App */,
				E8682D55284B611300E706BC /* Storyboards */,
				E8682D58284B6C4B00E706BC /* fonts */,
				E8682D57284B614100E706BC /* Resources */,
			);
			path = eWallet2022;
			sourceTree = "<group>";
		};
		E8682D54284B610200E706BC /* ViewControllers */ = {
			isa = PBXGroup;
			children = (
				E859AFCE28550EA000493A0D /* AuthViewController */,
				E859AFCD28550E8E00493A0D /* MainViewController */,
			);
			path = ViewControllers;
			sourceTree = "<group>";
		};
		E8682D55284B611300E706BC /* Storyboards */ = {
			isa = PBXGroup;
			children = (
				E8682D4B284B603C00E706BC /* LaunchScreen.storyboard */,
				E8682D46284B603B00E706BC /* Main.storyboard */,
			);
			path = Storyboards;
			sourceTree = "<group>";
		};
		E8682D56284B612300E706BC /* App */ = {
			isa = PBXGroup;
			children = (
				E8682D40284B603B00E706BC /* AppDelegate.swift */,
				E8682D42284B603B00E706BC /* SceneDelegate.swift */,
				E8682D4E284B603C00E706BC /* Info.plist */,
			);
			path = App;
			sourceTree = "<group>";
		};
		E8682D57284B614100E706BC /* Resources */ = {
			isa = PBXGroup;
			children = (
				E8682D49284B603C00E706BC /* Assets.xcassets */,
			);
			path = Resources;
			sourceTree = "<group>";
		};
		E8682D58284B6C4B00E706BC /* fonts */ = {
			isa = PBXGroup;
			children = (
				E858BE04284B6CDB000FD379 /* Ubuntu-Bold.ttf */,
				E858BE08284B6CDB000FD379 /* Ubuntu-BoldItalic.ttf */,
				E858BE05284B6CDB000FD379 /* Ubuntu-Italic.ttf */,
				E858BE0B284B6CDB000FD379 /* Ubuntu-Light.ttf */,
				E858BE0A284B6CDB000FD379 /* Ubuntu-LightItalic.ttf */,
				E858BE06284B6CDB000FD379 /* Ubuntu-Medium.ttf */,
				E858BE07284B6CDB000FD379 /* Ubuntu-MediumItalic.ttf */,
				E858BE09284B6CDB000FD379 /* Ubuntu-Regular.ttf */,
			);
			path = fonts;
			sourceTree = "<group>";
		};
/* End PBXGroup section */

/* Begin PBXNativeTarget section */
		E8682D3C284B603B00E706BC /* eWallet2022 */ = {
			isa = PBXNativeTarget;
			buildConfigurationList = E8682D51284B603C00E706BC /* Build configuration list for PBXNativeTarget "eWallet2022" */;
			buildPhases = (
				E8682D39284B603B00E706BC /* Sources */,
				E8682D3A284B603B00E706BC /* Frameworks */,
				E8682D3B284B603B00E706BC /* Resources */,
			);
			buildRules = (
			);
			dependencies = (
			);
			name = eWallet2022;
			productName = eWallet2022;
			productReference = E8682D3D284B603B00E706BC /* eWallet2022.app */;
			productType = "com.apple.product-type.application";
		};
/* End PBXNativeTarget section */

/* Begin PBXProject section */
		E8682D35284B603B00E706BC /* Project object */ = {
			isa = PBXProject;
			attributes = {
				BuildIndependentTargetsInParallel = 1;
				LastSwiftUpdateCheck = 1330;
				LastUpgradeCheck = 1330;
				TargetAttributes = {
					E8682D3C284B603B00E706BC = {
						CreatedOnToolsVersion = 13.3.1;
					};
				};
			};
			buildConfigurationList = E8682D38284B603B00E706BC /* Build configuration list for PBXProject "eWallet2022" */;
			compatibilityVersion = "Xcode 13.0";
			developmentRegion = en;
			hasScannedForEncodings = 0;
			knownRegions = (
				en,
				Base,
			);
			mainGroup = E8682D34284B603B00E706BC;
			productRefGroup = E8682D3E284B603B00E706BC /* Products */;
			projectDirPath = "";
			projectRoot = "";
			targets = (
				E8682D3C284B603B00E706BC /* eWallet2022 */,
			);
		};
/* End PBXProject section */

/* Begin PBXResourcesBuildPhase section */
		E8682D3B284B603B00E706BC /* Resources */ = {
			isa = PBXResourcesBuildPhase;
			buildActionMask = 2147483647;
			files = (
				E859AFDC285510E900493A0D /* ButtonViewCell.xib in Resources */,
				E859AFD72855106200493A0D /* SectionOneCell.xib in Resources */,
				E859AFE42855116A00493A0D /* SectionThreeCell.xib in Resources */,
				E858BE0C284B6CFB000FD379 /* Ubuntu-Bold.ttf in Resources */,
				E859AFE02855113700493A0D /* SectionTwoCell.xib in Resources */,
				E8682D4D284B603C00E706BC /* LaunchScreen.storyboard in Resources */,
				E8682D4A284B603C00E706BC /* Assets.xcassets in Resources */,
				E8682D48284B603B00E706BC /* Main.storyboard in Resources */,
			);
			runOnlyForDeploymentPostprocessing = 0;
		};
/* End PBXResourcesBuildPhase section */

/* Begin PBXSourcesBuildPhase section */
		E8682D39284B603B00E706BC /* Sources */ = {
			isa = PBXSourcesBuildPhase;
			buildActionMask = 2147483647;
			files = (
				E8682D45284B603B00E706BC /* AuthViewController.swift in Sources */,
				E859AFE6285511B300493A0D /* Service.swift in Sources */,
				E8682D41284B603B00E706BC /* AppDelegate.swift in Sources */,
				E859AFE32855116A00493A0D /* SectionThreeCell.swift in Sources */,
				E8682D43284B603B00E706BC /* SceneDelegate.swift in Sources */,
				E859AFD62855106200493A0D /* SectionOneCell.swift in Sources */,
				E859AFDE2855111E00493A0D /* SectionTwoCell.swift in Sources */,
				E859AFE8285512A100493A0D /* MainViewModel.swift in Sources */,
				E859AFDB285510E900493A0D /* ButtonViewCell.swift in Sources */,
				E858BE0E284B8533000FD379 /* MainViewController.swift in Sources */,
				E858BE11284BB4AE000FD379 /* PeopleViewCell.swift in Sources */,
				E859AFD028550ED600493A0D /* MainCompositionLayout.swift in Sources */,
				E858BE44284CF9DA000FD379 /* DataStorage.swift in Sources */,
				E858BE42284CF984000FD379 /* User.swift in Sources */,
			);
			runOnlyForDeploymentPostprocessing = 0;
		};
/* End PBXSourcesBuildPhase section */

/* Begin PBXVariantGroup section */
		E8682D46284B603B00E706BC /* Main.storyboard */ = {
			isa = PBXVariantGroup;
			children = (
				E8682D47284B603B00E706BC /* Base */,
			);
			name = Main.storyboard;
			sourceTree = "<group>";
		};
		E8682D4B284B603C00E706BC /* LaunchScreen.storyboard */ = {
			isa = PBXVariantGroup;
			children = (
				E8682D4C284B603C00E706BC /* Base */,
			);
			name = LaunchScreen.storyboard;
			sourceTree = "<group>";
		};
/* End PBXVariantGroup section */

/* Begin XCBuildConfiguration section */
		E8682D4F284B603C00E706BC /* Debug */ = {
			isa = XCBuildConfiguration;
			buildSettings = {
				ALWAYS_SEARCH_USER_PATHS = NO;
				CLANG_ANALYZER_NONNULL = YES;
				CLANG_ANALYZER_NUMBER_OBJECT_CONVERSION = YES_AGGRESSIVE;
				CLANG_CXX_LANGUAGE_STANDARD = "gnu++17";
				CLANG_ENABLE_MODULES = YES;
				CLANG_ENABLE_OBJC_ARC = YES;
				CLANG_ENABLE_OBJC_WEAK = YES;
				CLANG_WARN_BLOCK_CAPTURE_AUTORELEASING = YES;
				CLANG_WARN_BOOL_CONVERSION = YES;
				CLANG_WARN_COMMA = YES;
				CLANG_WARN_CONSTANT_CONVERSION = YES;
				CLANG_WARN_DEPRECATED_OBJC_IMPLEMENTATIONS = YES;
				CLANG_WARN_DIRECT_OBJC_ISA_USAGE = YES_ERROR;
				CLANG_WARN_DOCUMENTATION_COMMENTS = YES;
				CLANG_WARN_EMPTY_BODY = YES;
				CLANG_WARN_ENUM_CONVERSION = YES;
				CLANG_WARN_INFINITE_RECURSION = YES;
				CLANG_WARN_INT_CONVERSION = YES;
				CLANG_WARN_NON_LITERAL_NULL_CONVERSION = YES;
				CLANG_WARN_OBJC_IMPLICIT_RETAIN_SELF = YES;
				CLANG_WARN_OBJC_LITERAL_CONVERSION = YES;
				CLANG_WARN_OBJC_ROOT_CLASS = YES_ERROR;
				CLANG_WARN_QUOTED_INCLUDE_IN_FRAMEWORK_HEADER = YES;
				CLANG_WARN_RANGE_LOOP_ANALYSIS = YES;
				CLANG_WARN_STRICT_PROTOTYPES = YES;
				CLANG_WARN_SUSPICIOUS_MOVE = YES;
				CLANG_WARN_UNGUARDED_AVAILABILITY = YES_AGGRESSIVE;
				CLANG_WARN_UNREACHABLE_CODE = YES;
				CLANG_WARN__DUPLICATE_METHOD_MATCH = YES;
				COPY_PHASE_STRIP = NO;
				DEBUG_INFORMATION_FORMAT = dwarf;
				ENABLE_STRICT_OBJC_MSGSEND = YES;
				ENABLE_TESTABILITY = YES;
				GCC_C_LANGUAGE_STANDARD = gnu11;
				GCC_DYNAMIC_NO_PIC = NO;
				GCC_NO_COMMON_BLOCKS = YES;
				GCC_OPTIMIZATION_LEVEL = 0;
				GCC_PREPROCESSOR_DEFINITIONS = (
					"DEBUG=1",
					"$(inherited)",
				);
				GCC_WARN_64_TO_32_BIT_CONVERSION = YES;
				GCC_WARN_ABOUT_RETURN_TYPE = YES_ERROR;
				GCC_WARN_UNDECLARED_SELECTOR = YES;
				GCC_WARN_UNINITIALIZED_AUTOS = YES_AGGRESSIVE;
				GCC_WARN_UNUSED_FUNCTION = YES;
				GCC_WARN_UNUSED_VARIABLE = YES;
				IPHONEOS_DEPLOYMENT_TARGET = 15.4;
				MTL_ENABLE_DEBUG_INFO = INCLUDE_SOURCE;
				MTL_FAST_MATH = YES;
				ONLY_ACTIVE_ARCH = YES;
				SDKROOT = iphoneos;
				SWIFT_ACTIVE_COMPILATION_CONDITIONS = DEBUG;
				SWIFT_OPTIMIZATION_LEVEL = "-Onone";
			};
			name = Debug;
		};
		E8682D50284B603C00E706BC /* Release */ = {
			isa = XCBuildConfiguration;
			buildSettings = {
				ALWAYS_SEARCH_USER_PATHS = NO;
				CLANG_ANALYZER_NONNULL = YES;
				CLANG_ANALYZER_NUMBER_OBJECT_CONVERSION = YES_AGGRESSIVE;
				CLANG_CXX_LANGUAGE_STANDARD = "gnu++17";
				CLANG_ENABLE_MODULES = YES;
				CLANG_ENABLE_OBJC_ARC = YES;
				CLANG_ENABLE_OBJC_WEAK = YES;
				CLANG_WARN_BLOCK_CAPTURE_AUTORELEASING = YES;
				CLANG_WARN_BOOL_CONVERSION = YES;
				CLANG_WARN_COMMA = YES;
				CLANG_WARN_CONSTANT_CONVERSION = YES;
				CLANG_WARN_DEPRECATED_OBJC_IMPLEMENTATIONS = YES;
				CLANG_WARN_DIRECT_OBJC_ISA_USAGE = YES_ERROR;
				CLANG_WARN_DOCUMENTATION_COMMENTS = YES;
				CLANG_WARN_EMPTY_BODY = YES;
				CLANG_WARN_ENUM_CONVERSION = YES;
				CLANG_WARN_INFINITE_RECURSION = YES;
				CLANG_WARN_INT_CONVERSION = YES;
				CLANG_WARN_NON_LITERAL_NULL_CONVERSION = YES;
				CLANG_WARN_OBJC_IMPLICIT_RETAIN_SELF = YES;
				CLANG_WARN_OBJC_LITERAL_CONVERSION = YES;
				CLANG_WARN_OBJC_ROOT_CLASS = YES_ERROR;
				CLANG_WARN_QUOTED_INCLUDE_IN_FRAMEWORK_HEADER = YES;
				CLANG_WARN_RANGE_LOOP_ANALYSIS = YES;
				CLANG_WARN_STRICT_PROTOTYPES = YES;
				CLANG_WARN_SUSPICIOUS_MOVE = YES;
				CLANG_WARN_UNGUARDED_AVAILABILITY = YES_AGGRESSIVE;
				CLANG_WARN_UNREACHABLE_CODE = YES;
				CLANG_WARN__DUPLICATE_METHOD_MATCH = YES;
				COPY_PHASE_STRIP = NO;
				DEBUG_INFORMATION_FORMAT = "dwarf-with-dsym";
				ENABLE_NS_ASSERTIONS = NO;
				ENABLE_STRICT_OBJC_MSGSEND = YES;
				GCC_C_LANGUAGE_STANDARD = gnu11;
				GCC_NO_COMMON_BLOCKS = YES;
				GCC_WARN_64_TO_32_BIT_CONVERSION = YES;
				GCC_WARN_ABOUT_RETURN_TYPE = YES_ERROR;
				GCC_WARN_UNDECLARED_SELECTOR = YES;
				GCC_WARN_UNINITIALIZED_AUTOS = YES_AGGRESSIVE;
				GCC_WARN_UNUSED_FUNCTION = YES;
				GCC_WARN_UNUSED_VARIABLE = YES;
				IPHONEOS_DEPLOYMENT_TARGET = 15.4;
				MTL_ENABLE_DEBUG_INFO = NO;
				MTL_FAST_MATH = YES;
				SDKROOT = iphoneos;
				SWIFT_COMPILATION_MODE = wholemodule;
				SWIFT_OPTIMIZATION_LEVEL = "-O";
				VALIDATE_PRODUCT = YES;
			};
			name = Release;
		};
		E8682D52284B603C00E706BC /* Debug */ = {
			isa = XCBuildConfiguration;
			buildSettings = {
				ASSETCATALOG_COMPILER_APPICON_NAME = AppIcon;
				ASSETCATALOG_COMPILER_GLOBAL_ACCENT_COLOR_NAME = AccentColor;
				CODE_SIGN_STYLE = Automatic;
				CURRENT_PROJECT_VERSION = 1;
				DEVELOPMENT_TEAM = 2Q7FR5CHKB;
				GENERATE_INFOPLIST_FILE = YES;
				INFOPLIST_FILE = eWallet2022/App/Info.plist;
				INFOPLIST_KEY_UIApplicationSupportsIndirectInputEvents = YES;
				INFOPLIST_KEY_UILaunchStoryboardName = LaunchScreen;
				INFOPLIST_KEY_UIMainStoryboardFile = Main;
				INFOPLIST_KEY_UIRequiresFullScreen = NO;
				INFOPLIST_KEY_UIStatusBarHidden = YES;
				INFOPLIST_KEY_UISupportedInterfaceOrientations = UIInterfaceOrientationPortrait;
				INFOPLIST_KEY_UISupportedInterfaceOrientations_iPad = "UIInterfaceOrientationPortrait UIInterfaceOrientationPortraitUpsideDown UIInterfaceOrientationLandscapeLeft UIInterfaceOrientationLandscapeRight";
				INFOPLIST_KEY_UISupportedInterfaceOrientations_iPhone = "UIInterfaceOrientationPortrait UIInterfaceOrientationLandscapeLeft UIInterfaceOrientationLandscapeRight";
				IPHONEOS_DEPLOYMENT_TARGET = 15.0;
				LD_RUNPATH_SEARCH_PATHS = (
					"$(inherited)",
					"@executable_path/Frameworks",
				);
				MARKETING_VERSION = 1.0;
				PRODUCT_BUNDLE_IDENTIFIER = reyganstorm.eWallet2022;
				PRODUCT_NAME = "$(TARGET_NAME)";
				SWIFT_EMIT_LOC_STRINGS = YES;
				SWIFT_VERSION = 5.0;
				TARGETED_DEVICE_FAMILY = 1;
			};
			name = Debug;
		};
		E8682D53284B603C00E706BC /* Release */ = {
			isa = XCBuildConfiguration;
			buildSettings = {
				ASSETCATALOG_COMPILER_APPICON_NAME = AppIcon;
				ASSETCATALOG_COMPILER_GLOBAL_ACCENT_COLOR_NAME = AccentColor;
				CODE_SIGN_STYLE = Automatic;
				CURRENT_PROJECT_VERSION = 1;
				DEVELOPMENT_TEAM = 2Q7FR5CHKB;
				GENERATE_INFOPLIST_FILE = YES;
				INFOPLIST_FILE = eWallet2022/App/Info.plist;
				INFOPLIST_KEY_UIApplicationSupportsIndirectInputEvents = YES;
				INFOPLIST_KEY_UILaunchStoryboardName = LaunchScreen;
				INFOPLIST_KEY_UIMainStoryboardFile = Main;
				INFOPLIST_KEY_UIRequiresFullScreen = NO;
				INFOPLIST_KEY_UIStatusBarHidden = YES;
				INFOPLIST_KEY_UISupportedInterfaceOrientations = UIInterfaceOrientationPortrait;
				INFOPLIST_KEY_UISupportedInterfaceOrientations_iPad = "UIInterfaceOrientationPortrait UIInterfaceOrientationPortraitUpsideDown UIInterfaceOrientationLandscapeLeft UIInterfaceOrientationLandscapeRight";
				INFOPLIST_KEY_UISupportedInterfaceOrientations_iPhone = "UIInterfaceOrientationPortrait UIInterfaceOrientationLandscapeLeft UIInterfaceOrientationLandscapeRight";
				IPHONEOS_DEPLOYMENT_TARGET = 15.0;
				LD_RUNPATH_SEARCH_PATHS = (
					"$(inherited)",
					"@executable_path/Frameworks",
				);
				MARKETING_VERSION = 1.0;
				PRODUCT_BUNDLE_IDENTIFIER = reyganstorm.eWallet2022;
				PRODUCT_NAME = "$(TARGET_NAME)";
				SWIFT_EMIT_LOC_STRINGS = YES;
				SWIFT_VERSION = 5.0;
				TARGETED_DEVICE_FAMILY = 1;
			};
			name = Release;
		};
/* End XCBuildConfiguration section */

/* Begin XCConfigurationList section */
		E8682D38284B603B00E706BC /* Build configuration list for PBXProject "eWallet2022" */ = {
			isa = XCConfigurationList;
			buildConfigurations = (
				E8682D4F284B603C00E706BC /* Debug */,
				E8682D50284B603C00E706BC /* Release */,
			);
			defaultConfigurationIsVisible = 0;
			defaultConfigurationName = Release;
		};
		E8682D51284B603C00E706BC /* Build configuration list for PBXNativeTarget "eWallet2022" */ = {
			isa = XCConfigurationList;
			buildConfigurations = (
				E8682D52284B603C00E706BC /* Debug */,
				E8682D53284B603C00E706BC /* Release */,
			);
			defaultConfigurationIsVisible = 0;
			defaultConfigurationName = Release;
		};
/* End XCConfigurationList section */
	};
	rootObject = E8682D35284B603B00E706BC /* Project object */;
}
